
Microsoft Visual Studio Solution File, Format Version 9.00
# Visual Studio 2005
Project("{FAE04EC0-301F-11D3-BF4B-00C04F79EFBC}") = "WatermarkTextBoxDemo", "WatermarkTextBoxDemo\WatermarkTextBoxDemo.csproj", "{D73B2477-28DD-4035-B147-B589C6806159}"
EndProject
Project("{FAE04EC0-301F-11D3-BF4B-00C04F79EFBC}") = "WatermarkTextBox", "WatermarkTextBox\WatermarkTextBox.csproj", "{A65C8509-B090-4EC6-A5BD-E6F251F895D5}"
EndProject
Global
	GlobalSection(SolutionConfigurationPlatforms) = preSolution
		Debug|Any CPU = Debug|Any CPU
		Release|Any CPU = Release|Any CPU
	EndGlobalSection
	GlobalSection(ProjectConfigurationPlatforms) = postSolution
		{D73B2477-28DD-4035-B147-B589C6806159}.Debug|Any CPU.ActiveCfg = Debug|Any CPU
		{D73B2477-28DD-4035-B147-B589C6806159}.Debug|Any CPU.Build.0 = Debug|Any CPU
		{D73B2477-28DD-4035-B147-B589C6806159}.Release|Any CPU.ActiveCfg = Release|Any CPU
		{D73B2477-28DD-4035-B147-B589C6806159}.Release|Any CPU.Build.0 = Release|Any CPU
		{A65C8509-B090-4EC6-A5BD-E6F251F895D5}.Debug|Any CPU.ActiveCfg = Debug|Any CPU
		{A65C8509-B090-4EC6-A5BD-E6F251F895D5}.Debug|Any CPU.Build.0 = Debug|Any CPU
		{A65C8509-B090-4EC6-A5BD-E6F251F895D5}.Release|Any CPU.ActiveCfg = Release|Any CPU
		{A65C8509-B090-4EC6-A5BD-E6F251F895D5}.Release|Any CPU.Build.0 = Release|Any CPU
	EndGlobalSection
	GlobalSection(SolutionProperties) = preSolution
		HideSolutionNode = FALSE
	EndGlobalSection
EndGlobal
